PODS:
  - Flutter (1.0.0)
  - integration_test (0.0.1):
    - Flutter
  - recaptcha_enterprise_flutter (18.6.0-beta02):
    - Flutter
    - RecaptchaEnterprise (= 18.6.0-beta02)
  - RecaptchaEnterprise (18.6.0-beta02):
    - RecaptchaInterop (~> 100.0.0)
  - RecaptchaInterop (100.0.0)

DEPENDENCIES:
  - Flutter (from `Flutter`)
  - integration_test (from `.symlinks/plugins/integration_test/ios`)
  - recaptcha_enterprise_flutter (from `.symlinks/plugins/recaptcha_enterprise_flutter/ios`)

SPEC REPOS:
  trunk:
    - RecaptchaEnterprise
    - RecaptchaInterop

EXTERNAL SOURCES:
  Flutter:
    :path: Flutter
  integration_test:
    :path: ".symlinks/plugins/integration_test/ios"
  recaptcha_enterprise_flutter:
    :path: ".symlinks/plugins/recaptcha_enterprise_flutter/ios"

SPEC CHECKSUMS:
  Flutter: e0871f40cf51350855a761d2e70bf5af5b9b5de7
  integration_test: ce0a3ffa1de96d1a89ca0ac26fca7ea18a749ef4
  recaptcha_enterprise_flutter: 6924c78f53415d80c70f23ae9910a94acf78be64
  RecaptchaEnterprise: 42a37c58f29136270939e7bc1bb332af2cbf4c72
  RecaptchaInterop: 7d1a4a01a6b2cb1610a47ef3f85f0c411434cb21

PODFILE CHECKSUM: 775997f741c536251164e3eacf6e34abf2eb7a17

COCOAPODS: 1.15.2
