PODS:
  - Flutter (1.0.0)
  - integration_test (0.0.1):
    - Flutter
  - recaptcha_enterprise_flutter (18.5.0-beta02):
    - Flutter
    - RecaptchaEnterprise (= 18.5.0-beta02)
  - RecaptchaEnterprise (18.5.0-beta02):
    - RecaptchaInterop (~> 100.0.0)
  - RecaptchaInterop (100.0.0)

DEPENDENCIES:
  - Flutter (from `Flutter`)
  - integration_test (from `.symlinks/plugins/integration_test/ios`)
  - recaptcha_enterprise_flutter (from `.symlinks/plugins/recaptcha_enterprise_flutter/ios`)

SPEC REPOS:
  trunk:
    - RecaptchaEnterprise
    - RecaptchaInterop

EXTERNAL SOURCES:
  Flutter:
    :path: Flutter
  integration_test:
    :path: ".symlinks/plugins/integration_test/ios"
  recaptcha_enterprise_flutter:
    :path: ".symlinks/plugins/recaptcha_enterprise_flutter/ios"

SPEC CHECKSUMS:
  Flutter: e0871f40cf51350855a761d2e70bf5af5b9b5de7
  integration_test: 13825b8a9334a850581300559b8839134b124670
  recaptcha_enterprise_flutter: 2f6d41f126382832233df5d05bfba76a1ee92368
  RecaptchaEnterprise: c4dfc2641f917e4447a2d1eb34e7750aff181deb
  RecaptchaInterop: 7d1a4a01a6b2cb1610a47ef3f85f0c411434cb21

PODFILE CHECKSUM: 775997f741c536251164e3eacf6e34abf2eb7a17

COCOAPODS: 1.11.3
